{
  "name": "membershipextras-e2e-tests",
  "lockfileVersion": 2,
  "requires": true,
  "packages": {
    "": {
      "dependencies": {
        "dayjs": "^1.11.3",
        "xlsx": "https://cdn.sheetjs.com/xlsx-latest/xlsx-latest.tgz",
        "xlsx-calc": "^0.7.7"
      },
      "devDependencies": {
        "@playwright/test": "^1.22.0",
        "@types/node": "^17.0.35",
        "playwright": "^1.25.1"
      }
    },
    "node_modules/@playwright/test": {
      "version": "1.22.0",
      "resolved": "https://registry.npmjs.org/@playwright/test/-/test-1.22.0.tgz",
      "integrity": "sha512-ExcAjiECo3uTG5Sl5H4a7rKp/5TEHTI87dv9NHYEoUFuOHPhSVxB7QsuM70ktO+wTTZ9KzhwzcegxAGRmUFKEA==",
      "dev": true,
      "dependencies": {
        "playwright-core": "1.22.0"
      },
      "bin": {
        "playwright": "cli.js"
      },
      "engines": {
        "node": ">=14"
      }
    },
    "node_modules/@types/node": {
      "version": "17.0.35",
      "resolved": "https://registry.npmjs.org/@types/node/-/node-17.0.35.tgz",
      "integrity": "sha512-vu1SrqBjbbZ3J6vwY17jBs8Sr/BKA+/a/WtjRG+whKg1iuLFOosq872EXS0eXWILdO36DHQQeku/ZcL6hz2fpg==",
      "dev": true
    },
    "node_modules/dayjs": {
      "version": "1.11.3",
      "resolved": "https://registry.npmjs.org/dayjs/-/dayjs-1.11.3.tgz",
      "integrity": "sha512-xxwlswWOlGhzgQ4TKzASQkUhqERI3egRNqgV4ScR8wlANA/A9tZ7miXa44vTTKEq5l7vWoL5G57bG3zA+Kow0A=="
    },
    "node_modules/playwright": {
      "version": "1.25.1",
      "resolved": "https://registry.npmjs.org/playwright/-/playwright-1.25.1.tgz",
      "integrity": "sha512-kOlW7mllnQ70ALTwAor73q/FhdH9EEXLUqjdzqioYLcSVC4n4NBfDqeCikGuayFZrLECLkU6Hcbziy/szqTXSA==",
      "dev": true,
      "hasInstallScript": true,
      "dependencies": {
        "playwright-core": "1.25.1"
      },
      "bin": {
        "playwright": "cli.js"
      },
      "engines": {
        "node": ">=14"
      }
    },
    "node_modules/playwright-core": {
      "version": "1.22.0",
      "resolved": "https://registry.npmjs.org/playwright-core/-/playwright-core-1.22.0.tgz",
      "integrity": "sha512-XnDPiV4NCzTtXWxQdyJ6Wg8xhST3ciUjt5mITaxoqOoYggmRtofKm0PXLehfbetXh2ppPYj5U8UhtUpdIE4wag==",
      "dev": true,
      "bin": {
        "playwright": "cli.js"
      },
      "engines": {
        "node": ">=14"
      }
    },
    "node_modules/playwright/node_modules/playwright-core": {
      "version": "1.25.1",
      "resolved": "https://registry.npmjs.org/playwright-core/-/playwright-core-1.25.1.tgz",
      "integrity": "sha512-lSvPCmA2n7LawD2Hw7gSCLScZ+vYRkhU8xH0AapMyzwN+ojoDqhkH/KIEUxwNu2PjPoE/fcE0wLAksdOhJ2O5g==",
      "dev": true,
      "bin": {
        "playwright": "cli.js"
      },
      "engines": {
        "node": ">=14"
      }
    },
    "node_modules/xlsx": {
      "version": "0.18.10",
      "resolved": "https://cdn.sheetjs.com/xlsx-latest/xlsx-latest.tgz",
      "integrity": "sha512-mY2CU0mXUT0J98ew3DfTAn9fPVjDi22LemGU0SJ6wk6kELMlAKQFNPdyBVDa+012rpCSexBYyTobv4f4Puf6qg==",
      "license": "Apache-2.0",
      "bin": {
        "xlsx": "bin/xlsx.njs"
      },
      "engines": {
        "node": ">=0.8"
      }
    },
    "node_modules/xlsx-calc": {
      "version": "0.7.7",
      "resolved": "https://registry.npmjs.org/xlsx-calc/-/xlsx-calc-0.7.7.tgz",
      "integrity": "sha512-6oWKwi7yUJHZdnxu4zEAJYjZBensEm5THcwt/UMXxKgD+JyEaYEckCGlqx/eO1RXpbnIdIXISRkX3eCy95ef9A=="
    }
  },
  "dependencies": {
    "@playwright/test": {
      "version": "1.22.0",
      "resolved": "https://registry.npmjs.org/@playwright/test/-/test-1.22.0.tgz",
      "integrity": "sha512-ExcAjiECo3uTG5Sl5H4a7rKp/5TEHTI87dv9NHYEoUFuOHPhSVxB7QsuM70ktO+wTTZ9KzhwzcegxAGRmUFKEA==",
      "dev": true,
      "requires": {
        "playwright-core": "1.22.0"
      }
    },
    "@types/node": {
      "version": "17.0.35",
      "resolved": "https://registry.npmjs.org/@types/node/-/node-17.0.35.tgz",
      "integrity": "sha512-vu1SrqBjbbZ3J6vwY17jBs8Sr/BKA+/a/WtjRG+whKg1iuLFOosq872EXS0eXWILdO36DHQQeku/ZcL6hz2fpg==",
      "dev": true
    },
    "dayjs": {
      "version": "1.11.3",
      "resolved": "https://registry.npmjs.org/dayjs/-/dayjs-1.11.3.tgz",
      "integrity": "sha512-xxwlswWOlGhzgQ4TKzASQkUhqERI3egRNqgV4ScR8wlANA/A9tZ7miXa44vTTKEq5l7vWoL5G57bG3zA+Kow0A=="
    },
    "playwright": {
      "version": "1.25.1",
      "resolved": "https://registry.npmjs.org/playwright/-/playwright-1.25.1.tgz",
      "integrity": "sha512-kOlW7mllnQ70ALTwAor73q/FhdH9EEXLUqjdzqioYLcSVC4n4NBfDqeCikGuayFZrLECLkU6Hcbziy/szqTXSA==",
      "dev": true,
      "requires": {
        "playwright-core": "1.25.1"
      },
      "dependencies": {
        "playwright-core": {
          "version": "1.25.1",
          "resolved": "https://registry.npmjs.org/playwright-core/-/playwright-core-1.25.1.tgz",
          "integrity": "sha512-lSvPCmA2n7LawD2Hw7gSCLScZ+vYRkhU8xH0AapMyzwN+ojoDqhkH/KIEUxwNu2PjPoE/fcE0wLAksdOhJ2O5g==",
          "dev": true
        }
      }
    },
    "playwright-core": {
      "version": "1.22.0",
      "resolved": "https://registry.npmjs.org/playwright-core/-/playwright-core-1.22.0.tgz",
      "integrity": "sha512-XnDPiV4NCzTtXWxQdyJ6Wg8xhST3ciUjt5mITaxoqOoYggmRtofKm0PXLehfbetXh2ppPYj5U8UhtUpdIE4wag==",
      "dev": true
    },
    "xlsx": {
      "version": "https://cdn.sheetjs.com/xlsx-latest/xlsx-latest.tgz",
      "integrity": "sha512-mY2CU0mXUT0J98ew3DfTAn9fPVjDi22LemGU0SJ6wk6kELMlAKQFNPdyBVDa+012rpCSexBYyTobv4f4Puf6qg=="
    },
    "xlsx-calc": {
      "version": "0.7.7",
      "resolved": "https://registry.npmjs.org/xlsx-calc/-/xlsx-calc-0.7.7.tgz",
      "integrity": "sha512-6oWKwi7yUJHZdnxu4zEAJYjZBensEm5THcwt/UMXxKgD+JyEaYEckCGlqx/eO1RXpbnIdIXISRkX3eCy95ef9A=="
    }
  }
}
